
Microsoft Visual Studio Solution File, Format Version 12.00
# Visual Studio Version 17
VisualStudioVersion = 17.0.31903.59
MinimumVisualStudioVersion = 10.0.40219.1
Project("{FAE04EC0-301F-11D3-BF4B-00C04F79EFBC}") = "Web", "Web\Web.csproj", "{7C161312-FF4F-4DC6-8BEB-4E974009A2B4}"
EndProject
Project("{FAE04EC0-301F-11D3-BF4B-00C04F79EFBC}") = "Core", "Core\Core.csproj", "{FE006507-3D5C-4696-AEE9-4C05F1754037}"
EndProject
Project("{FAE04EC0-301F-11D3-BF4B-00C04F79EFBC}") = "Services", "Services\Services.csproj", "{82A495EF-8565-4F6B-B9EA-EC7190608A7D}"
EndProject
Project("{FAE04EC0-301F-11D3-BF4B-00C04F79EFBC}") = "Infrastructure", "Infrastructure\Infrastructure.csproj", "{18D04C3E-D420-4C6E-B0D9-856AEA98500C}"
EndProject
Global
	GlobalSection(SolutionConfigurationPlatforms) = preSolution
		Debug|Any CPU = Debug|Any CPU
		Release|Any CPU = Release|Any CPU
	EndGlobalSection
	GlobalSection(SolutionProperties) = preSolution
		HideSolutionNode = FALSE
	EndGlobalSection
	GlobalSection(ProjectConfigurationPlatforms) = postSolution
		{7C161312-FF4F-4DC6-8BEB-4E974009A2B4}.Debug|Any CPU.ActiveCfg = Debug|Any CPU
		{7C161312-FF4F-4DC6-8BEB-4E974009A2B4}.Debug|Any CPU.Build.0 = Debug|Any CPU
		{7C161312-FF4F-4DC6-8BEB-4E974009A2B4}.Release|Any CPU.ActiveCfg = Release|Any CPU
		{7C161312-FF4F-4DC6-8BEB-4E974009A2B4}.Release|Any CPU.Build.0 = Release|Any CPU
		{FE006507-3D5C-4696-AEE9-4C05F1754037}.Debug|Any CPU.ActiveCfg = Debug|Any CPU
		{FE006507-3D5C-4696-AEE9-4C05F1754037}.Debug|Any CPU.Build.0 = Debug|Any CPU
		{FE006507-3D5C-4696-AEE9-4C05F1754037}.Release|Any CPU.ActiveCfg = Release|Any CPU
		{FE006507-3D5C-4696-AEE9-4C05F1754037}.Release|Any CPU.Build.0 = Release|Any CPU
		{82A495EF-8565-4F6B-B9EA-EC7190608A7D}.Debug|Any CPU.ActiveCfg = Debug|Any CPU
		{82A495EF-8565-4F6B-B9EA-EC7190608A7D}.Debug|Any CPU.Build.0 = Debug|Any CPU
		{82A495EF-8565-4F6B-B9EA-EC7190608A7D}.Release|Any CPU.ActiveCfg = Release|Any CPU
		{82A495EF-8565-4F6B-B9EA-EC7190608A7D}.Release|Any CPU.Build.0 = Release|Any CPU
		{18D04C3E-D420-4C6E-B0D9-856AEA98500C}.Debug|Any CPU.ActiveCfg = Debug|Any CPU
		{18D04C3E-D420-4C6E-B0D9-856AEA98500C}.Debug|Any CPU.Build.0 = Debug|Any CPU
		{18D04C3E-D420-4C6E-B0D9-856AEA98500C}.Release|Any CPU.ActiveCfg = Release|Any CPU
		{18D04C3E-D420-4C6E-B0D9-856AEA98500C}.Release|Any CPU.Build.0 = Release|Any CPU
	EndGlobalSection
EndGlobal
